
Microsoft Visual Studio Solution File, Format Version 12.00
Project("{FAE04EC0-301F-11D3-BF4B-00C04F79EFBC}") = "gitCloud-api", "gitCloud-api\gitCloud-api.csproj", "{B11F3302-B1C2-4B13-B5DF-7934990240A9}"
EndProject
Project("{FAE04EC0-301F-11D3-BF4B-00C04F79EFBC}") = "KeyGen", "KeyGen\KeyGen.csproj", "{52D1A3B5-FA0C-4DBB-B418-55A5E43C2C82}"
EndProject
Global
	GlobalSection(SolutionConfigurationPlatforms) = preSolution
		Debug|Any CPU = Debug|Any CPU
		Release|Any CPU = Release|Any CPU
	EndGlobalSection
	GlobalSection(ProjectConfigurationPlatforms) = postSolution
		{B11F3302-B1C2-4B13-B5DF-7934990240A9}.Debug|Any CPU.ActiveCfg = Debug|Any CPU
		{B11F3302-B1C2-4B13-B5DF-7934990240A9}.Debug|Any CPU.Build.0 = Debug|Any CPU
		{B11F3302-B1C2-4B13-B5DF-7934990240A9}.Release|Any CPU.ActiveCfg = Release|Any CPU
		{B11F3302-B1C2-4B13-B5DF-7934990240A9}.Release|Any CPU.Build.0 = Release|Any CPU
		{52D1A3B5-FA0C-4DBB-B418-55A5E43C2C82}.Debug|Any CPU.ActiveCfg = Debug|Any CPU
		{52D1A3B5-FA0C-4DBB-B418-55A5E43C2C82}.Debug|Any CPU.Build.0 = Debug|Any CPU
		{52D1A3B5-FA0C-4DBB-B418-55A5E43C2C82}.Release|Any CPU.ActiveCfg = Release|Any CPU
		{52D1A3B5-FA0C-4DBB-B418-55A5E43C2C82}.Release|Any CPU.Build.0 = Release|Any CPU
	EndGlobalSection
EndGlobal
